
Microsoft Visual Studio Solution File, Format Version 12.00
# Visual Studio Version 16
VisualStudioVersion = 16.0.29215.179
MinimumVisualStudioVersion = 10.0.40219.1
Project("{2150E333-8FDC-42A3-9474-1A3956D46DE8}") = "Source", "Source", "{9F6E1FA1-6994-4E5E-86FE-E25F4CC9F1B5}"
EndProject
Project("{2150E333-8FDC-42A3-9474-1A3956D46DE8}") = "Tests", "Tests", "{36E887BA-A885-405D-B082-62793BF9493F}"
EndProject
Project("{2150E333-8FDC-42A3-9474-1A3956D46DE8}") = "Solution Items", "Solution Items", "{FE832207-9C16-4593-89F9-67BEB0DBF116}"
	ProjectSection(SolutionItems) = preProject
		.editorconfig = .editorconfig
	EndProjectSection
EndProject
Project("{2150E333-8FDC-42A3-9474-1A3956D46DE8}") = "Benchmarks", "Benchmarks", "{F5738705-7CFB-444C-8E11-D2465401CCCE}"
EndProject
Project("{9A19103F-16F7-4668-BE54-9A1E7A4F7556}") = "ImageProcessing.App.UILayer", "Source\ImageProcessing.App.UILayer\ImageProcessing.App.UILayer.csproj", "{85454E80-493E-4746-A965-7D07654440FC}"
EndProject
Project("{9A19103F-16F7-4668-BE54-9A1E7A4F7556}") = "ImageProcessing.App.ServiceLayer", "Source\ImageProcessing.App.ServiceLayer\ImageProcessing.App.ServiceLayer.csproj", "{94C3F770-5A06-4D18-AFF5-C4EB20CBB727}"
EndProject
Project("{9A19103F-16F7-4668-BE54-9A1E7A4F7556}") = "ImageProcessing.App.PresentationLayer", "Source\ImageProcessing.App.PresentationLayer\ImageProcessing.App.PresentationLayer.csproj", "{9E019576-0EE0-4213-A8E5-1DA5A52457E1}"
EndProject
Project("{9A19103F-16F7-4668-BE54-9A1E7A4F7556}") = "ImageProcessing.Utility.DecimalMath", "Source\ImageProcessing.Utility.DecimalMath\ImageProcessing.Utility.DecimalMath.csproj", "{980C43AA-A720-4C1E-A105-598A0BB2FC61}"
EndProject
Project("{9A19103F-16F7-4668-BE54-9A1E7A4F7556}") = "ImageProcessing.Utility.Interop", "Source\ImageProcessing.Utility.Interop\ImageProcessing.Utility.Interop.csproj", "{0749A8A5-BAF9-47E0-BD06-322829C0A512}"
EndProject
Project("{9A19103F-16F7-4668-BE54-9A1E7A4F7556}") = "ImageProcessing.App.ServiceLayer.Benchmark", "Benchmarks\ImageProcessing.App.ServiceLayer.Benchmark\ImageProcessing.App.ServiceLayer.Benchmark.csproj", "{F6876C0D-A197-42C4-8C0A-B84992E3833E}"
EndProject
Project("{FAE04EC0-301F-11D3-BF4B-00C04F79EFBC}") = "ImageProcessing.Utility.DecimalMath.UnitTests", "Tests\ImageProcessing.Utility.DecimalMath.UnitTests\ImageProcessing.Utility.DecimalMath.UnitTests.csproj", "{A8130976-186C-43CF-AC0A-CBD7C886E7F6}"
EndProject
Project("{FAE04EC0-301F-11D3-BF4B-00C04F79EFBC}") = "ImageProcessing.App.ServiceLayer.UnitTests", "Tests\ImageProcessing.App.ServiceLayer.UnitTests\ImageProcessing.App.ServiceLayer.UnitTests.csproj", "{32361109-F78E-4C54-AAAB-2001078E4AE2}"
EndProject
Project("{9A19103F-16F7-4668-BE54-9A1E7A4F7556}") = "ImageProcessing.Utility.DataStructure", "Source\ImageProcessing.Utility.DataStructure\ImageProcessing.Utility.DataStructure.csproj", "{A843B66D-BA38-4568-93F0-A6A577167273}"
EndProject
Project("{9A19103F-16F7-4668-BE54-9A1E7A4F7556}") = "ImageProcessing.Microkernel.EntryPoint", "Source\ImageProcessing.Microkernel.EntryPoint\ImageProcessing.Microkernel.EntryPoint.csproj", "{1E702994-3838-4ACC-8A1D-CDAFF18E39DD}"
EndProject
Project("{9A19103F-16F7-4668-BE54-9A1E7A4F7556}") = "ImageProcessing.Microkernel.MVP", "Source\ImageProcessing.Microkernel.MVP\ImageProcessing.Microkernel.MVP.csproj", "{E547BF84-7467-4AA0-A836-84BEAB772924}"
EndProject
Project("{9A19103F-16F7-4668-BE54-9A1E7A4F7556}") = "ImageProcessing.Microkernel.DI", "Source\ImageProcessing.Microkernel.DI\ImageProcessing.Microkernel.DI.csproj", "{E9AF6348-F1C8-4AEF-B8A7-EF4320393D04}"
EndProject
Project("{9A19103F-16F7-4668-BE54-9A1E7A4F7556}") = "ImageProcessing.App.CommonLayer", "Source\ImageProcessing.App.CommonLayer\ImageProcessing.App.CommonLayer.csproj", "{4DC35D60-2801-481F-9600-832FFD5AE930}"
EndProject
Project("{9A19103F-16F7-4668-BE54-9A1E7A4F7556}") = "ImageProcessing.App.DomainLayer.Benchmark", "Benchmarks\ImageProcessing.App.DomainLayer.Benchmark\ImageProcessing.App.DomainLayer.Benchmark.csproj", "{B8696E09-1126-4597-992C-3AF2EBE163D2}"
EndProject
Project("{9A19103F-16F7-4668-BE54-9A1E7A4F7556}") = "ImageProcessing.App.DomainLayer", "Source\ImageProcessing.App.DomainLayer\ImageProcessing.App.DomainLayer.csproj", "{03943CD9-C3EC-494E-B3FB-1B8BE4AEF91B}"
EndProject
Project("{FAE04EC0-301F-11D3-BF4B-00C04F79EFBC}") = "ImageProcessing.App.DomainLayer.UnitTests", "Tests\ImageProcessing.App.DomainLayer.UnitTests\ImageProcessing.App.DomainLayer.UnitTests.csproj", "{E619F72F-A242-432C-9145-64EA55DF9DF8}"
EndProject
Global
	GlobalSection(SolutionConfigurationPlatforms) = preSolution
		Debug|Any CPU = Debug|Any CPU
		Debug|ARM = Debug|ARM
		Debug|ARM64 = Debug|ARM64
		Debug|x64 = Debug|x64
		Debug|x86 = Debug|x86
		Release|Any CPU = Release|Any CPU
		Release|ARM = Release|ARM
		Release|ARM64 = Release|ARM64
		Release|x64 = Release|x64
		Release|x86 = Release|x86
	EndGlobalSection
	GlobalSection(ProjectConfigurationPlatforms) = postSolution
		{85454E80-493E-4746-A965-7D07654440FC}.Debug|Any CPU.ActiveCfg = Debug|Any CPU
		{85454E80-493E-4746-A965-7D07654440FC}.Debug|Any CPU.Build.0 = Debug|Any CPU
		{85454E80-493E-4746-A965-7D07654440FC}.Debug|ARM.ActiveCfg = Debug|Any CPU
		{85454E80-493E-4746-A965-7D07654440FC}.Debug|ARM.Build.0 = Debug|Any CPU
		{85454E80-493E-4746-A965-7D07654440FC}.Debug|ARM64.ActiveCfg = Debug|Any CPU
		{85454E80-493E-4746-A965-7D07654440FC}.Debug|ARM64.Build.0 = Debug|Any CPU
		{85454E80-493E-4746-A965-7D07654440FC}.Debug|x64.ActiveCfg = Debug|x64
		{85454E80-493E-4746-A965-7D07654440FC}.Debug|x64.Build.0 = Debug|x64
		{85454E80-493E-4746-A965-7D07654440FC}.Debug|x86.ActiveCfg = Debug|x86
		{85454E80-493E-4746-A965-7D07654440FC}.Debug|x86.Build.0 = Debug|x86
		{85454E80-493E-4746-A965-7D07654440FC}.Release|Any CPU.ActiveCfg = Release|Any CPU
		{85454E80-493E-4746-A965-7D07654440FC}.Release|Any CPU.Build.0 = Release|Any CPU
		{85454E80-493E-4746-A965-7D07654440FC}.Release|ARM.ActiveCfg = Release|Any CPU
		{85454E80-493E-4746-A965-7D07654440FC}.Release|ARM.Build.0 = Release|Any CPU
		{85454E80-493E-4746-A965-7D07654440FC}.Release|ARM64.ActiveCfg = Release|Any CPU
		{85454E80-493E-4746-A965-7D07654440FC}.Release|ARM64.Build.0 = Release|Any CPU
		{85454E80-493E-4746-A965-7D07654440FC}.Release|x64.ActiveCfg = Release|x64
		{85454E80-493E-4746-A965-7D07654440FC}.Release|x64.Build.0 = Release|x64
		{85454E80-493E-4746-A965-7D07654440FC}.Release|x86.ActiveCfg = Release|x86
		{85454E80-493E-4746-A965-7D07654440FC}.Release|x86.Build.0 = Release|x86
		{94C3F770-5A06-4D18-AFF5-C4EB20CBB727}.Debug|Any CPU.ActiveCfg = Debug|Any CPU
		{94C3F770-5A06-4D18-AFF5-C4EB20CBB727}.Debug|Any CPU.Build.0 = Debug|Any CPU
		{94C3F770-5A06-4D18-AFF5-C4EB20CBB727}.Debug|ARM.ActiveCfg = Debug|Any CPU
		{94C3F770-5A06-4D18-AFF5-C4EB20CBB727}.Debug|ARM.Build.0 = Debug|Any CPU
		{94C3F770-5A06-4D18-AFF5-C4EB20CBB727}.Debug|ARM64.ActiveCfg = Debug|Any CPU
		{94C3F770-5A06-4D18-AFF5-C4EB20CBB727}.Debug|ARM64.Build.0 = Debug|Any CPU
		{94C3F770-5A06-4D18-AFF5-C4EB20CBB727}.Debug|x64.ActiveCfg = Debug|x64
		{94C3F770-5A06-4D18-AFF5-C4EB20CBB727}.Debug|x64.Build.0 = Debug|x64
		{94C3F770-5A06-4D18-AFF5-C4EB20CBB727}.Debug|x86.ActiveCfg = Debug|x86
		{94C3F770-5A06-4D18-AFF5-C4EB20CBB727}.Debug|x86.Build.0 = Debug|x86
		{94C3F770-5A06-4D18-AFF5-C4EB20CBB727}.Release|Any CPU.ActiveCfg = Release|Any CPU
		{94C3F770-5A06-4D18-AFF5-C4EB20CBB727}.Release|Any CPU.Build.0 = Release|Any CPU
		{94C3F770-5A06-4D18-AFF5-C4EB20CBB727}.Release|ARM.ActiveCfg = Release|Any CPU
		{94C3F770-5A06-4D18-AFF5-C4EB20CBB727}.Release|ARM.Build.0 = Release|Any CPU
		{94C3F770-5A06-4D18-AFF5-C4EB20CBB727}.Release|ARM64.ActiveCfg = Release|Any CPU
		{94C3F770-5A06-4D18-AFF5-C4EB20CBB727}.Release|ARM64.Build.0 = Release|Any CPU
		{94C3F770-5A06-4D18-AFF5-C4EB20CBB727}.Release|x64.ActiveCfg = Release|x64
		{94C3F770-5A06-4D18-AFF5-C4EB20CBB727}.Release|x64.Build.0 = Release|x64
		{94C3F770-5A06-4D18-AFF5-C4EB20CBB727}.Release|x86.ActiveCfg = Release|x86
		{94C3F770-5A06-4D18-AFF5-C4EB20CBB727}.Release|x86.Build.0 = Release|x86
		{9E019576-0EE0-4213-A8E5-1DA5A52457E1}.Debug|Any CPU.ActiveCfg = Debug|Any CPU
		{9E019576-0EE0-4213-A8E5-1DA5A52457E1}.Debug|Any CPU.Build.0 = Debug|Any CPU
		{9E019576-0EE0-4213-A8E5-1DA5A52457E1}.Debug|ARM.ActiveCfg = Debug|Any CPU
		{9E019576-0EE0-4213-A8E5-1DA5A52457E1}.Debug|ARM.Build.0 = Debug|Any CPU
		{9E019576-0EE0-4213-A8E5-1DA5A52457E1}.Debug|ARM64.ActiveCfg = Debug|Any CPU
		{9E019576-0EE0-4213-A8E5-1DA5A52457E1}.Debug|ARM64.Build.0 = Debug|Any CPU
		{9E019576-0EE0-4213-A8E5-1DA5A52457E1}.Debug|x64.ActiveCfg = Debug|x64
		{9E019576-0EE0-4213-A8E5-1DA5A52457E1}.Debug|x64.Build.0 = Debug|x64
		{9E019576-0EE0-4213-A8E5-1DA5A52457E1}.Debug|x86.ActiveCfg = Debug|x86
		{9E019576-0EE0-4213-A8E5-1DA5A52457E1}.Debug|x86.Build.0 = Debug|x86
		{9E019576-0EE0-4213-A8E5-1DA5A52457E1}.Release|Any CPU.ActiveCfg = Release|Any CPU
		{9E019576-0EE0-4213-A8E5-1DA5A52457E1}.Release|Any CPU.Build.0 = Release|Any CPU
		{9E019576-0EE0-4213-A8E5-1DA5A52457E1}.Release|ARM.ActiveCfg = Release|Any CPU
		{9E019576-0EE0-4213-A8E5-1DA5A52457E1}.Release|ARM.Build.0 = Release|Any CPU
		{9E019576-0EE0-4213-A8E5-1DA5A52457E1}.Release|ARM64.ActiveCfg = Release|Any CPU
		{9E019576-0EE0-4213-A8E5-1DA5A52457E1}.Release|ARM64.Build.0 = Release|Any CPU
		{9E019576-0EE0-4213-A8E5-1DA5A52457E1}.Release|x64.ActiveCfg = Release|x64
		{9E019576-0EE0-4213-A8E5-1DA5A52457E1}.Release|x64.Build.0 = Release|x64
		{9E019576-0EE0-4213-A8E5-1DA5A52457E1}.Release|x86.ActiveCfg = Release|x86
		{9E019576-0EE0-4213-A8E5-1DA5A52457E1}.Release|x86.Build.0 = Release|x86
		{980C43AA-A720-4C1E-A105-598A0BB2FC61}.Debug|Any CPU.ActiveCfg = Debug|Any CPU
		{980C43AA-A720-4C1E-A105-598A0BB2FC61}.Debug|Any CPU.Build.0 = Debug|Any CPU
		{980C43AA-A720-4C1E-A105-598A0BB2FC61}.Debug|ARM.ActiveCfg = Debug|Any CPU
		{980C43AA-A720-4C1E-A105-598A0BB2FC61}.Debug|ARM.Build.0 = Debug|Any CPU
		{980C43AA-A720-4C1E-A105-598A0BB2FC61}.Debug|ARM64.ActiveCfg = Debug|Any CPU
		{980C43AA-A720-4C1E-A105-598A0BB2FC61}.Debug|ARM64.Build.0 = Debug|Any CPU
		{980C43AA-A720-4C1E-A105-598A0BB2FC61}.Debug|x64.ActiveCfg = Debug|x64
		{980C43AA-A720-4C1E-A105-598A0BB2FC61}.Debug|x64.Build.0 = Debug|x64
		{980C43AA-A720-4C1E-A105-598A0BB2FC61}.Debug|x86.ActiveCfg = Debug|x86
		{980C43AA-A720-4C1E-A105-598A0BB2FC61}.Debug|x86.Build.0 = Debug|x86
		{980C43AA-A720-4C1E-A105-598A0BB2FC61}.Release|Any CPU.ActiveCfg = Release|Any CPU
		{980C43AA-A720-4C1E-A105-598A0BB2FC61}.Release|Any CPU.Build.0 = Release|Any CPU
		{980C43AA-A720-4C1E-A105-598A0BB2FC61}.Release|ARM.ActiveCfg = Release|Any CPU
		{980C43AA-A720-4C1E-A105-598A0BB2FC61}.Release|ARM.Build.0 = Release|Any CPU
		{980C43AA-A720-4C1E-A105-598A0BB2FC61}.Release|ARM64.ActiveCfg = Release|Any CPU
		{980C43AA-A720-4C1E-A105-598A0BB2FC61}.Release|ARM64.Build.0 = Release|Any CPU
		{980C43AA-A720-4C1E-A105-598A0BB2FC61}.Release|x64.ActiveCfg = Release|x64
		{980C43AA-A720-4C1E-A105-598A0BB2FC61}.Release|x64.Build.0 = Release|x64
		{980C43AA-A720-4C1E-A105-598A0BB2FC61}.Release|x86.ActiveCfg = Release|x86
		{980C43AA-A720-4C1E-A105-598A0BB2FC61}.Release|x86.Build.0 = Release|x86
		{0749A8A5-BAF9-47E0-BD06-322829C0A512}.Debug|Any CPU.ActiveCfg = Debug|Any CPU
		{0749A8A5-BAF9-47E0-BD06-322829C0A512}.Debug|Any CPU.Build.0 = Debug|Any CPU
		{0749A8A5-BAF9-47E0-BD06-322829C0A512}.Debug|ARM.ActiveCfg = Debug|Any CPU
		{0749A8A5-BAF9-47E0-BD06-322829C0A512}.Debug|ARM.Build.0 = Debug|Any CPU
		{0749A8A5-BAF9-47E0-BD06-322829C0A512}.Debug|ARM64.ActiveCfg = Debug|Any CPU
		{0749A8A5-BAF9-47E0-BD06-322829C0A512}.Debug|ARM64.Build.0 = Debug|Any CPU
		{0749A8A5-BAF9-47E0-BD06-322829C0A512}.Debug|x64.ActiveCfg = Debug|Any CPU
		{0749A8A5-BAF9-47E0-BD06-322829C0A512}.Debug|x64.Build.0 = Debug|Any CPU
		{0749A8A5-BAF9-47E0-BD06-322829C0A512}.Debug|x86.ActiveCfg = Debug|Any CPU
		{0749A8A5-BAF9-47E0-BD06-322829C0A512}.Debug|x86.Build.0 = Debug|Any CPU
		{0749A8A5-BAF9-47E0-BD06-322829C0A512}.Release|Any CPU.ActiveCfg = Release|Any CPU
		{0749A8A5-BAF9-47E0-BD06-322829C0A512}.Release|Any CPU.Build.0 = Release|Any CPU
		{0749A8A5-BAF9-47E0-BD06-322829C0A512}.Release|ARM.ActiveCfg = Release|Any CPU
		{0749A8A5-BAF9-47E0-BD06-322829C0A512}.Release|ARM.Build.0 = Release|Any CPU
		{0749A8A5-BAF9-47E0-BD06-322829C0A512}.Release|ARM64.ActiveCfg = Release|Any CPU
		{0749A8A5-BAF9-47E0-BD06-322829C0A512}.Release|ARM64.Build.0 = Release|Any CPU
		{0749A8A5-BAF9-47E0-BD06-322829C0A512}.Release|x64.ActiveCfg = Release|Any CPU
		{0749A8A5-BAF9-47E0-BD06-322829C0A512}.Release|x64.Build.0 = Release|Any CPU
		{0749A8A5-BAF9-47E0-BD06-322829C0A512}.Release|x86.ActiveCfg = Release|Any CPU
		{0749A8A5-BAF9-47E0-BD06-322829C0A512}.Release|x86.Build.0 = Release|Any CPU
		{F6876C0D-A197-42C4-8C0A-B84992E3833E}.Debug|Any CPU.ActiveCfg = Debug|Any CPU
		{F6876C0D-A197-42C4-8C0A-B84992E3833E}.Debug|Any CPU.Build.0 = Debug|Any CPU
		{F6876C0D-A197-42C4-8C0A-B84992E3833E}.Debug|ARM.ActiveCfg = Debug|Any CPU
		{F6876C0D-A197-42C4-8C0A-B84992E3833E}.Debug|ARM.Build.0 = Debug|Any CPU
		{F6876C0D-A197-42C4-8C0A-B84992E3833E}.Debug|ARM64.ActiveCfg = Debug|Any CPU
		{F6876C0D-A197-42C4-8C0A-B84992E3833E}.Debug|ARM64.Build.0 = Debug|Any CPU
		{F6876C0D-A197-42C4-8C0A-B84992E3833E}.Debug|x64.ActiveCfg = Debug|Any CPU
		{F6876C0D-A197-42C4-8C0A-B84992E3833E}.Debug|x64.Build.0 = Debug|Any CPU
		{F6876C0D-A197-42C4-8C0A-B84992E3833E}.Debug|x86.ActiveCfg = Debug|Any CPU
		{F6876C0D-A197-42C4-8C0A-B84992E3833E}.Debug|x86.Build.0 = Debug|Any CPU
		{F6876C0D-A197-42C4-8C0A-B84992E3833E}.Release|Any CPU.ActiveCfg = Release|Any CPU
		{F6876C0D-A197-42C4-8C0A-B84992E3833E}.Release|Any CPU.Build.0 = Release|Any CPU
		{F6876C0D-A197-42C4-8C0A-B84992E3833E}.Release|ARM.ActiveCfg = Release|Any CPU
		{F6876C0D-A197-42C4-8C0A-B84992E3833E}.Release|ARM.Build.0 = Release|Any CPU
		{F6876C0D-A197-42C4-8C0A-B84992E3833E}.Release|ARM64.ActiveCfg = Release|Any CPU
		{F6876C0D-A197-42C4-8C0A-B84992E3833E}.Release|ARM64.Build.0 = Release|Any CPU
		{F6876C0D-A197-42C4-8C0A-B84992E3833E}.Release|x64.ActiveCfg = Release|Any CPU
		{F6876C0D-A197-42C4-8C0A-B84992E3833E}.Release|x64.Build.0 = Release|Any CPU
		{F6876C0D-A197-42C4-8C0A-B84992E3833E}.Release|x86.ActiveCfg = Release|Any CPU
		{F6876C0D-A197-42C4-8C0A-B84992E3833E}.Release|x86.Build.0 = Release|Any CPU
		{A8130976-186C-43CF-AC0A-CBD7C886E7F6}.Debug|Any CPU.ActiveCfg = Debug|Any CPU
		{A8130976-186C-43CF-AC0A-CBD7C886E7F6}.Debug|Any CPU.Build.0 = Debug|Any CPU
		{A8130976-186C-43CF-AC0A-CBD7C886E7F6}.Debug|ARM.ActiveCfg = Debug|Any CPU
		{A8130976-186C-43CF-AC0A-CBD7C886E7F6}.Debug|ARM.Build.0 = Debug|Any CPU
		{A8130976-186C-43CF-AC0A-CBD7C886E7F6}.Debug|ARM64.ActiveCfg = Debug|Any CPU
		{A8130976-186C-43CF-AC0A-CBD7C886E7F6}.Debug|ARM64.Build.0 = Debug|Any CPU
		{A8130976-186C-43CF-AC0A-CBD7C886E7F6}.Debug|x64.ActiveCfg = Debug|Any CPU
		{A8130976-186C-43CF-AC0A-CBD7C886E7F6}.Debug|x64.Build.0 = Debug|Any CPU
		{A8130976-186C-43CF-AC0A-CBD7C886E7F6}.Debug|x86.ActiveCfg = Debug|Any CPU
		{A8130976-186C-43CF-AC0A-CBD7C886E7F6}.Debug|x86.Build.0 = Debug|Any CPU
		{A8130976-186C-43CF-AC0A-CBD7C886E7F6}.Release|Any CPU.ActiveCfg = Release|Any CPU
		{A8130976-186C-43CF-AC0A-CBD7C886E7F6}.Release|Any CPU.Build.0 = Release|Any CPU
		{A8130976-186C-43CF-AC0A-CBD7C886E7F6}.Release|ARM.ActiveCfg = Release|Any CPU
		{A8130976-186C-43CF-AC0A-CBD7C886E7F6}.Release|ARM.Build.0 = Release|Any CPU
		{A8130976-186C-43CF-AC0A-CBD7C886E7F6}.Release|ARM64.ActiveCfg = Release|Any CPU
		{A8130976-186C-43CF-AC0A-CBD7C886E7F6}.Release|ARM64.Build.0 = Release|Any CPU
		{A8130976-186C-43CF-AC0A-CBD7C886E7F6}.Release|x64.ActiveCfg = Release|Any CPU
		{A8130976-186C-43CF-AC0A-CBD7C886E7F6}.Release|x64.Build.0 = Release|Any CPU
		{A8130976-186C-43CF-AC0A-CBD7C886E7F6}.Release|x86.ActiveCfg = Release|Any CPU
		{A8130976-186C-43CF-AC0A-CBD7C886E7F6}.Release|x86.Build.0 = Release|Any CPU
		{32361109-F78E-4C54-AAAB-2001078E4AE2}.Debug|Any CPU.ActiveCfg = Debug|Any CPU
		{32361109-F78E-4C54-AAAB-2001078E4AE2}.Debug|Any CPU.Build.0 = Debug|Any CPU
		{32361109-F78E-4C54-AAAB-2001078E4AE2}.Debug|ARM.ActiveCfg = Debug|Any CPU
		{32361109-F78E-4C54-AAAB-2001078E4AE2}.Debug|ARM.Build.0 = Debug|Any CPU
		{32361109-F78E-4C54-AAAB-2001078E4AE2}.Debug|ARM64.ActiveCfg = Debug|Any CPU
		{32361109-F78E-4C54-AAAB-2001078E4AE2}.Debug|ARM64.Build.0 = Debug|Any CPU
		{32361109-F78E-4C54-AAAB-2001078E4AE2}.Debug|x64.ActiveCfg = Debug|Any CPU
		{32361109-F78E-4C54-AAAB-2001078E4AE2}.Debug|x64.Build.0 = Debug|Any CPU
		{32361109-F78E-4C54-AAAB-2001078E4AE2}.Debug|x86.ActiveCfg = Debug|Any CPU
		{32361109-F78E-4C54-AAAB-2001078E4AE2}.Debug|x86.Build.0 = Debug|Any CPU
		{32361109-F78E-4C54-AAAB-2001078E4AE2}.Release|Any CPU.ActiveCfg = Release|Any CPU
		{32361109-F78E-4C54-AAAB-2001078E4AE2}.Release|Any CPU.Build.0 = Release|Any CPU
		{32361109-F78E-4C54-AAAB-2001078E4AE2}.Release|ARM.ActiveCfg = Release|Any CPU
		{32361109-F78E-4C54-AAAB-2001078E4AE2}.Release|ARM.Build.0 = Release|Any CPU
		{32361109-F78E-4C54-AAAB-2001078E4AE2}.Release|ARM64.ActiveCfg = Release|Any CPU
		{32361109-F78E-4C54-AAAB-2001078E4AE2}.Release|ARM64.Build.0 = Release|Any CPU
		{32361109-F78E-4C54-AAAB-2001078E4AE2}.Release|x64.ActiveCfg = Release|Any CPU
		{32361109-F78E-4C54-AAAB-2001078E4AE2}.Release|x64.Build.0 = Release|Any CPU
		{32361109-F78E-4C54-AAAB-2001078E4AE2}.Release|x86.ActiveCfg = Release|Any CPU
		{32361109-F78E-4C54-AAAB-2001078E4AE2}.Release|x86.Build.0 = Release|Any CPU
		{A843B66D-BA38-4568-93F0-A6A577167273}.Debug|Any CPU.ActiveCfg = Debug|Any CPU
		{A843B66D-BA38-4568-93F0-A6A577167273}.Debug|Any CPU.Build.0 = Debug|Any CPU
		{A843B66D-BA38-4568-93F0-A6A577167273}.Debug|ARM.ActiveCfg = Debug|Any CPU
		{A843B66D-BA38-4568-93F0-A6A577167273}.Debug|ARM.Build.0 = Debug|Any CPU
		{A843B66D-BA38-4568-93F0-A6A577167273}.Debug|ARM64.ActiveCfg = Debug|Any CPU
		{A843B66D-BA38-4568-93F0-A6A577167273}.Debug|ARM64.Build.0 = Debug|Any CPU
		{A843B66D-BA38-4568-93F0-A6A577167273}.Debug|x64.ActiveCfg = Debug|Any CPU
		{A843B66D-BA38-4568-93F0-A6A577167273}.Debug|x64.Build.0 = Debug|Any CPU
		{A843B66D-BA38-4568-93F0-A6A577167273}.Debug|x86.ActiveCfg = Debug|Any CPU
		{A843B66D-BA38-4568-93F0-A6A577167273}.Debug|x86.Build.0 = Debug|Any CPU
		{A843B66D-BA38-4568-93F0-A6A577167273}.Release|Any CPU.ActiveCfg = Release|Any CPU
		{A843B66D-BA38-4568-93F0-A6A577167273}.Release|Any CPU.Build.0 = Release|Any CPU
		{A843B66D-BA38-4568-93F0-A6A577167273}.Release|ARM.ActiveCfg = Release|Any CPU
		{A843B66D-BA38-4568-93F0-A6A577167273}.Release|ARM.Build.0 = Release|Any CPU
		{A843B66D-BA38-4568-93F0-A6A577167273}.Release|ARM64.ActiveCfg = Release|Any CPU
		{A843B66D-BA38-4568-93F0-A6A577167273}.Release|ARM64.Build.0 = Release|Any CPU
		{A843B66D-BA38-4568-93F0-A6A577167273}.Release|x64.ActiveCfg = Release|Any CPU
		{A843B66D-BA38-4568-93F0-A6A577167273}.Release|x64.Build.0 = Release|Any CPU
		{A843B66D-BA38-4568-93F0-A6A577167273}.Release|x86.ActiveCfg = Release|Any CPU
		{A843B66D-BA38-4568-93F0-A6A577167273}.Release|x86.Build.0 = Release|Any CPU
		{1E702994-3838-4ACC-8A1D-CDAFF18E39DD}.Debug|Any CPU.ActiveCfg = Debug|Any CPU
		{1E702994-3838-4ACC-8A1D-CDAFF18E39DD}.Debug|Any CPU.Build.0 = Debug|Any CPU
		{1E702994-3838-4ACC-8A1D-CDAFF18E39DD}.Debug|ARM.ActiveCfg = Debug|Any CPU
		{1E702994-3838-4ACC-8A1D-CDAFF18E39DD}.Debug|ARM.Build.0 = Debug|Any CPU
		{1E702994-3838-4ACC-8A1D-CDAFF18E39DD}.Debug|ARM64.ActiveCfg = Debug|Any CPU
		{1E702994-3838-4ACC-8A1D-CDAFF18E39DD}.Debug|ARM64.Build.0 = Debug|Any CPU
		{1E702994-3838-4ACC-8A1D-CDAFF18E39DD}.Debug|x64.ActiveCfg = Debug|Any CPU
		{1E702994-3838-4ACC-8A1D-CDAFF18E39DD}.Debug|x64.Build.0 = Debug|Any CPU
		{1E702994-3838-4ACC-8A1D-CDAFF18E39DD}.Debug|x86.ActiveCfg = Debug|Any CPU
		{1E702994-3838-4ACC-8A1D-CDAFF18E39DD}.Debug|x86.Build.0 = Debug|Any CPU
		{1E702994-3838-4ACC-8A1D-CDAFF18E39DD}.Release|Any CPU.ActiveCfg = Release|Any CPU
		{1E702994-3838-4ACC-8A1D-CDAFF18E39DD}.Release|Any CPU.Build.0 = Release|Any CPU
		{1E702994-3838-4ACC-8A1D-CDAFF18E39DD}.Release|ARM.ActiveCfg = Release|Any CPU
		{1E702994-3838-4ACC-8A1D-CDAFF18E39DD}.Release|ARM.Build.0 = Release|Any CPU
		{1E702994-3838-4ACC-8A1D-CDAFF18E39DD}.Release|ARM64.ActiveCfg = Release|Any CPU
		{1E702994-3838-4ACC-8A1D-CDAFF18E39DD}.Release|ARM64.Build.0 = Release|Any CPU
		{1E702994-3838-4ACC-8A1D-CDAFF18E39DD}.Release|x64.ActiveCfg = Release|Any CPU
		{1E702994-3838-4ACC-8A1D-CDAFF18E39DD}.Release|x64.Build.0 = Release|Any CPU
		{1E702994-3838-4ACC-8A1D-CDAFF18E39DD}.Release|x86.ActiveCfg = Release|Any CPU
		{1E702994-3838-4ACC-8A1D-CDAFF18E39DD}.Release|x86.Build.0 = Release|Any CPU
		{E547BF84-7467-4AA0-A836-84BEAB772924}.Debug|Any CPU.ActiveCfg = Debug|Any CPU
		{E547BF84-7467-4AA0-A836-84BEAB772924}.Debug|Any CPU.Build.0 = Debug|Any CPU
		{E547BF84-7467-4AA0-A836-84BEAB772924}.Debug|ARM.ActiveCfg = Debug|Any CPU
		{E547BF84-7467-4AA0-A836-84BEAB772924}.Debug|ARM.Build.0 = Debug|Any CPU
		{E547BF84-7467-4AA0-A836-84BEAB772924}.Debug|ARM64.ActiveCfg = Debug|Any CPU
		{E547BF84-7467-4AA0-A836-84BEAB772924}.Debug|ARM64.Build.0 = Debug|Any CPU
		{E547BF84-7467-4AA0-A836-84BEAB772924}.Debug|x64.ActiveCfg = Debug|Any CPU
		{E547BF84-7467-4AA0-A836-84BEAB772924}.Debug|x64.Build.0 = Debug|Any CPU
		{E547BF84-7467-4AA0-A836-84BEAB772924}.Debug|x86.ActiveCfg = Debug|Any CPU
		{E547BF84-7467-4AA0-A836-84BEAB772924}.Debug|x86.Build.0 = Debug|Any CPU
		{E547BF84-7467-4AA0-A836-84BEAB772924}.Release|Any CPU.ActiveCfg = Release|Any CPU
		{E547BF84-7467-4AA0-A836-84BEAB772924}.Release|Any CPU.Build.0 = Release|Any CPU
		{E547BF84-7467-4AA0-A836-84BEAB772924}.Release|ARM.ActiveCfg = Release|Any CPU
		{E547BF84-7467-4AA0-A836-84BEAB772924}.Release|ARM.Build.0 = Release|Any CPU
		{E547BF84-7467-4AA0-A836-84BEAB772924}.Release|ARM64.ActiveCfg = Release|Any CPU
		{E547BF84-7467-4AA0-A836-84BEAB772924}.Release|ARM64.Build.0 = Release|Any CPU
		{E547BF84-7467-4AA0-A836-84BEAB772924}.Release|x64.ActiveCfg = Release|Any CPU
		{E547BF84-7467-4AA0-A836-84BEAB772924}.Release|x64.Build.0 = Release|Any CPU
		{E547BF84-7467-4AA0-A836-84BEAB772924}.Release|x86.ActiveCfg = Release|Any CPU
		{E547BF84-7467-4AA0-A836-84BEAB772924}.Release|x86.Build.0 = Release|Any CPU
		{E9AF6348-F1C8-4AEF-B8A7-EF4320393D04}.Debug|Any CPU.ActiveCfg = Debug|Any CPU
		{E9AF6348-F1C8-4AEF-B8A7-EF4320393D04}.Debug|Any CPU.Build.0 = Debug|Any CPU
		{E9AF6348-F1C8-4AEF-B8A7-EF4320393D04}.Debug|ARM.ActiveCfg = Debug|Any CPU
		{E9AF6348-F1C8-4AEF-B8A7-EF4320393D04}.Debug|ARM.Build.0 = Debug|Any CPU
		{E9AF6348-F1C8-4AEF-B8A7-EF4320393D04}.Debug|ARM64.ActiveCfg = Debug|Any CPU
		{E9AF6348-F1C8-4AEF-B8A7-EF4320393D04}.Debug|ARM64.Build.0 = Debug|Any CPU
		{E9AF6348-F1C8-4AEF-B8A7-EF4320393D04}.Debug|x64.ActiveCfg = Debug|x64
		{E9AF6348-F1C8-4AEF-B8A7-EF4320393D04}.Debug|x64.Build.0 = Debug|x64
		{E9AF6348-F1C8-4AEF-B8A7-EF4320393D04}.Debug|x86.ActiveCfg = Debug|x86
		{E9AF6348-F1C8-4AEF-B8A7-EF4320393D04}.Debug|x86.Build.0 = Debug|x86
		{E9AF6348-F1C8-4AEF-B8A7-EF4320393D04}.Release|Any CPU.ActiveCfg = Release|Any CPU
		{E9AF6348-F1C8-4AEF-B8A7-EF4320393D04}.Release|Any CPU.Build.0 = Release|Any CPU
		{E9AF6348-F1C8-4AEF-B8A7-EF4320393D04}.Release|ARM.ActiveCfg = Release|Any CPU
		{E9AF6348-F1C8-4AEF-B8A7-EF4320393D04}.Release|ARM.Build.0 = Release|Any CPU
		{E9AF6348-F1C8-4AEF-B8A7-EF4320393D04}.Release|ARM64.ActiveCfg = Release|Any CPU
		{E9AF6348-F1C8-4AEF-B8A7-EF4320393D04}.Release|ARM64.Build.0 = Release|Any CPU
		{E9AF6348-F1C8-4AEF-B8A7-EF4320393D04}.Release|x64.ActiveCfg = Release|x64
		{E9AF6348-F1C8-4AEF-B8A7-EF4320393D04}.Release|x64.Build.0 = Release|x64
		{E9AF6348-F1C8-4AEF-B8A7-EF4320393D04}.Release|x86.ActiveCfg = Release|x86
		{E9AF6348-F1C8-4AEF-B8A7-EF4320393D04}.Release|x86.Build.0 = Release|x86
		{4DC35D60-2801-481F-9600-832FFD5AE930}.Debug|Any CPU.ActiveCfg = Debug|Any CPU
		{4DC35D60-2801-481F-9600-832FFD5AE930}.Debug|Any CPU.Build.0 = Debug|Any CPU
		{4DC35D60-2801-481F-9600-832FFD5AE930}.Debug|ARM.ActiveCfg = Debug|Any CPU
		{4DC35D60-2801-481F-9600-832FFD5AE930}.Debug|ARM.Build.0 = Debug|Any CPU
		{4DC35D60-2801-481F-9600-832FFD5AE930}.Debug|ARM64.ActiveCfg = Debug|Any CPU
		{4DC35D60-2801-481F-9600-832FFD5AE930}.Debug|ARM64.Build.0 = Debug|Any CPU
		{4DC35D60-2801-481F-9600-832FFD5AE930}.Debug|x64.ActiveCfg = Debug|x64
		{4DC35D60-2801-481F-9600-832FFD5AE930}.Debug|x64.Build.0 = Debug|x64
		{4DC35D60-2801-481F-9600-832FFD5AE930}.Debug|x86.ActiveCfg = Debug|x86
		{4DC35D60-2801-481F-9600-832FFD5AE930}.Debug|x86.Build.0 = Debug|x86
		{4DC35D60-2801-481F-9600-832FFD5AE930}.Release|Any CPU.ActiveCfg = Release|Any CPU
		{4DC35D60-2801-481F-9600-832FFD5AE930}.Release|Any CPU.Build.0 = Release|Any CPU
		{4DC35D60-2801-481F-9600-832FFD5AE930}.Release|ARM.ActiveCfg = Release|Any CPU
		{4DC35D60-2801-481F-9600-832FFD5AE930}.Release|ARM.Build.0 = Release|Any CPU
		{4DC35D60-2801-481F-9600-832FFD5AE930}.Release|ARM64.ActiveCfg = Release|Any CPU
		{4DC35D60-2801-481F-9600-832FFD5AE930}.Release|ARM64.Build.0 = Release|Any CPU
		{4DC35D60-2801-481F-9600-832FFD5AE930}.Release|x64.ActiveCfg = Release|x64
		{4DC35D60-2801-481F-9600-832FFD5AE930}.Release|x64.Build.0 = Release|x64
		{4DC35D60-2801-481F-9600-832FFD5AE930}.Release|x86.ActiveCfg = Release|x86
		{4DC35D60-2801-481F-9600-832FFD5AE930}.Release|x86.Build.0 = Release|x86
		{B8696E09-1126-4597-992C-3AF2EBE163D2}.Debug|Any CPU.ActiveCfg = Debug|Any CPU
		{B8696E09-1126-4597-992C-3AF2EBE163D2}.Debug|Any CPU.Build.0 = Debug|Any CPU
		{B8696E09-1126-4597-992C-3AF2EBE163D2}.Debug|ARM.ActiveCfg = Debug|Any CPU
		{B8696E09-1126-4597-992C-3AF2EBE163D2}.Debug|ARM.Build.0 = Debug|Any CPU
		{B8696E09-1126-4597-992C-3AF2EBE163D2}.Debug|ARM64.ActiveCfg = Debug|Any CPU
		{B8696E09-1126-4597-992C-3AF2EBE163D2}.Debug|ARM64.Build.0 = Debug|Any CPU
		{B8696E09-1126-4597-992C-3AF2EBE163D2}.Debug|x64.ActiveCfg = Debug|Any CPU
		{B8696E09-1126-4597-992C-3AF2EBE163D2}.Debug|x64.Build.0 = Debug|Any CPU
		{B8696E09-1126-4597-992C-3AF2EBE163D2}.Debug|x86.ActiveCfg = Debug|Any CPU
		{B8696E09-1126-4597-992C-3AF2EBE163D2}.Debug|x86.Build.0 = Debug|Any CPU
		{B8696E09-1126-4597-992C-3AF2EBE163D2}.Release|Any CPU.ActiveCfg = Release|Any CPU
		{B8696E09-1126-4597-992C-3AF2EBE163D2}.Release|Any CPU.Build.0 = Release|Any CPU
		{B8696E09-1126-4597-992C-3AF2EBE163D2}.Release|ARM.ActiveCfg = Release|Any CPU
		{B8696E09-1126-4597-992C-3AF2EBE163D2}.Release|ARM.Build.0 = Release|Any CPU
		{B8696E09-1126-4597-992C-3AF2EBE163D2}.Release|ARM64.ActiveCfg = Release|Any CPU
		{B8696E09-1126-4597-992C-3AF2EBE163D2}.Release|ARM64.Build.0 = Release|Any CPU
		{B8696E09-1126-4597-992C-3AF2EBE163D2}.Release|x64.ActiveCfg = Release|Any CPU
		{B8696E09-1126-4597-992C-3AF2EBE163D2}.Release|x64.Build.0 = Release|Any CPU
		{B8696E09-1126-4597-992C-3AF2EBE163D2}.Release|x86.ActiveCfg = Release|Any CPU
		{B8696E09-1126-4597-992C-3AF2EBE163D2}.Release|x86.Build.0 = Release|Any CPU
		{03943CD9-C3EC-494E-B3FB-1B8BE4AEF91B}.Debug|Any CPU.ActiveCfg = Debug|Any CPU
		{03943CD9-C3EC-494E-B3FB-1B8BE4AEF91B}.Debug|Any CPU.Build.0 = Debug|Any CPU
		{03943CD9-C3EC-494E-B3FB-1B8BE4AEF91B}.Debug|ARM.ActiveCfg = Debug|Any CPU
		{03943CD9-C3EC-494E-B3FB-1B8BE4AEF91B}.Debug|ARM.Build.0 = Debug|Any CPU
		{03943CD9-C3EC-494E-B3FB-1B8BE4AEF91B}.Debug|ARM64.ActiveCfg = Debug|Any CPU
		{03943CD9-C3EC-494E-B3FB-1B8BE4AEF91B}.Debug|ARM64.Build.0 = Debug|Any CPU
		{03943CD9-C3EC-494E-B3FB-1B8BE4AEF91B}.Debug|x64.ActiveCfg = Debug|x64
		{03943CD9-C3EC-494E-B3FB-1B8BE4AEF91B}.Debug|x64.Build.0 = Debug|x64
		{03943CD9-C3EC-494E-B3FB-1B8BE4AEF91B}.Debug|x86.ActiveCfg = Debug|x86
		{03943CD9-C3EC-494E-B3FB-1B8BE4AEF91B}.Debug|x86.Build.0 = Debug|x86
		{03943CD9-C3EC-494E-B3FB-1B8BE4AEF91B}.Release|Any CPU.ActiveCfg = Release|Any CPU
		{03943CD9-C3EC-494E-B3FB-1B8BE4AEF91B}.Release|Any CPU.Build.0 = Release|Any CPU
		{03943CD9-C3EC-494E-B3FB-1B8BE4AEF91B}.Release|ARM.ActiveCfg = Release|Any CPU
		{03943CD9-C3EC-494E-B3FB-1B8BE4AEF91B}.Release|ARM.Build.0 = Release|Any CPU
		{03943CD9-C3EC-494E-B3FB-1B8BE4AEF91B}.Release|ARM64.ActiveCfg = Release|Any CPU
		{03943CD9-C3EC-494E-B3FB-1B8BE4AEF91B}.Release|ARM64.Build.0 = Release|Any CPU
		{03943CD9-C3EC-494E-B3FB-1B8BE4AEF91B}.Release|x64.ActiveCfg = Release|x64
		{03943CD9-C3EC-494E-B3FB-1B8BE4AEF91B}.Release|x64.Build.0 = Release|x64
		{03943CD9-C3EC-494E-B3FB-1B8BE4AEF91B}.Release|x86.ActiveCfg = Release|x86
		{03943CD9-C3EC-494E-B3FB-1B8BE4AEF91B}.Release|x86.Build.0 = Release|x86
		{E619F72F-A242-432C-9145-64EA55DF9DF8}.Debug|Any CPU.ActiveCfg = Debug|Any CPU
		{E619F72F-A242-432C-9145-64EA55DF9DF8}.Debug|Any CPU.Build.0 = Debug|Any CPU
		{E619F72F-A242-432C-9145-64EA55DF9DF8}.Debug|ARM.ActiveCfg = Debug|Any CPU
		{E619F72F-A242-432C-9145-64EA55DF9DF8}.Debug|ARM.Build.0 = Debug|Any CPU
		{E619F72F-A242-432C-9145-64EA55DF9DF8}.Debug|ARM64.ActiveCfg = Debug|Any CPU
		{E619F72F-A242-432C-9145-64EA55DF9DF8}.Debug|ARM64.Build.0 = Debug|Any CPU
		{E619F72F-A242-432C-9145-64EA55DF9DF8}.Debug|x64.ActiveCfg = Debug|Any CPU
		{E619F72F-A242-432C-9145-64EA55DF9DF8}.Debug|x64.Build.0 = Debug|Any CPU
		{E619F72F-A242-432C-9145-64EA55DF9DF8}.Debug|x86.ActiveCfg = Debug|Any CPU
		{E619F72F-A242-432C-9145-64EA55DF9DF8}.Debug|x86.Build.0 = Debug|Any CPU
		{E619F72F-A242-432C-9145-64EA55DF9DF8}.Release|Any CPU.ActiveCfg = Release|Any CPU
		{E619F72F-A242-432C-9145-64EA55DF9DF8}.Release|Any CPU.Build.0 = Release|Any CPU
		{E619F72F-A242-432C-9145-64EA55DF9DF8}.Release|ARM.ActiveCfg = Release|Any CPU
		{E619F72F-A242-432C-9145-64EA55DF9DF8}.Release|ARM.Build.0 = Release|Any CPU
		{E619F72F-A242-432C-9145-64EA55DF9DF8}.Release|ARM64.ActiveCfg = Release|Any CPU
		{E619F72F-A242-432C-9145-64EA55DF9DF8}.Release|ARM64.Build.0 = Release|Any CPU
		{E619F72F-A242-432C-9145-64EA55DF9DF8}.Release|x64.ActiveCfg = Release|Any CPU
		{E619F72F-A242-432C-9145-64EA55DF9DF8}.Release|x64.Build.0 = Release|Any CPU
		{E619F72F-A242-432C-9145-64EA55DF9DF8}.Release|x86.ActiveCfg = Release|Any CPU
		{E619F72F-A242-432C-9145-64EA55DF9DF8}.Release|x86.Build.0 = Release|Any CPU
	EndGlobalSection
	GlobalSection(SolutionProperties) = preSolution
		HideSolutionNode = FALSE
	EndGlobalSection
	GlobalSection(NestedProjects) = preSolution
		{85454E80-493E-4746-A965-7D07654440FC} = {9F6E1FA1-6994-4E5E-86FE-E25F4CC9F1B5}
		{94C3F770-5A06-4D18-AFF5-C4EB20CBB727} = {9F6E1FA1-6994-4E5E-86FE-E25F4CC9F1B5}
		{9E019576-0EE0-4213-A8E5-1DA5A52457E1} = {9F6E1FA1-6994-4E5E-86FE-E25F4CC9F1B5}
		{980C43AA-A720-4C1E-A105-598A0BB2FC61} = {9F6E1FA1-6994-4E5E-86FE-E25F4CC9F1B5}
		{0749A8A5-BAF9-47E0-BD06-322829C0A512} = {9F6E1FA1-6994-4E5E-86FE-E25F4CC9F1B5}
		{F6876C0D-A197-42C4-8C0A-B84992E3833E} = {F5738705-7CFB-444C-8E11-D2465401CCCE}
		{A8130976-186C-43CF-AC0A-CBD7C886E7F6} = {36E887BA-A885-405D-B082-62793BF9493F}
		{32361109-F78E-4C54-AAAB-2001078E4AE2} = {36E887BA-A885-405D-B082-62793BF9493F}
		{A843B66D-BA38-4568-93F0-A6A577167273} = {9F6E1FA1-6994-4E5E-86FE-E25F4CC9F1B5}
		{1E702994-3838-4ACC-8A1D-CDAFF18E39DD} = {9F6E1FA1-6994-4E5E-86FE-E25F4CC9F1B5}
		{E547BF84-7467-4AA0-A836-84BEAB772924} = {9F6E1FA1-6994-4E5E-86FE-E25F4CC9F1B5}
		{E9AF6348-F1C8-4AEF-B8A7-EF4320393D04} = {9F6E1FA1-6994-4E5E-86FE-E25F4CC9F1B5}
		{4DC35D60-2801-481F-9600-832FFD5AE930} = {9F6E1FA1-6994-4E5E-86FE-E25F4CC9F1B5}
		{B8696E09-1126-4597-992C-3AF2EBE163D2} = {F5738705-7CFB-444C-8E11-D2465401CCCE}
		{03943CD9-C3EC-494E-B3FB-1B8BE4AEF91B} = {9F6E1FA1-6994-4E5E-86FE-E25F4CC9F1B5}
		{E619F72F-A242-432C-9145-64EA55DF9DF8} = {36E887BA-A885-405D-B082-62793BF9493F}
	EndGlobalSection
	GlobalSection(ExtensibilityGlobals) = postSolution
		SolutionGuid = {C4D00CEC-14A8-44F9-AD38-3244EF30D239}
	EndGlobalSection
EndGlobal
