
Microsoft Visual Studio Solution File, Format Version 12.00
# Visual Studio Version 16
VisualStudioVersion = 16.0.29215.179
MinimumVisualStudioVersion = 10.0.40219.1
Project("{9A19103F-16F7-4668-BE54-9A1E7A4F7556}") = "ImageProcessing.Common", "ImageProcessing.Common\ImageProcessing.Common.csproj", "{B006986D-3EC3-48A7-8F59-EDC39A8907B4}"
EndProject
Project("{9A19103F-16F7-4668-BE54-9A1E7A4F7556}") = "ImageProcessing.DomainModel", "ImageProcessing.DomainModel\ImageProcessing.DomainModel.csproj", "{9479B67A-57C2-45AB-83ED-0340315CA063}"
EndProject
Project("{9A19103F-16F7-4668-BE54-9A1E7A4F7556}") = "ImageProcessing.Presentation", "ImageProcessing.Presentation\ImageProcessing.Presentation.csproj", "{50B927BB-7836-4437-BCB1-3003A7BFF729}"
EndProject
Project("{9A19103F-16F7-4668-BE54-9A1E7A4F7556}") = "ImageProcessing.UI", "ImageProcessing.UI\ImageProcessing.UI.csproj", "{48A8A9B5-6F5B-474C-9A8A-1CBD1F646CEC}"
EndProject
Project("{FAE04EC0-301F-11D3-BF4B-00C04F79EFBC}") = "ImageProcessing.Tests", "ImageProcessing.Tests\ImageProcessing.Tests.csproj", "{8EC2495B-C648-468B-B0C3-2CD6375B3AEB}"
EndProject
Project("{2150E333-8FDC-42A3-9474-1A3956D46DE8}") = "Source", "Source", "{990D16A1-E568-465E-9132-A3D7F79D7D8A}"
EndProject
Project("{2150E333-8FDC-42A3-9474-1A3956D46DE8}") = "Tests", "Tests", "{47BB7C23-37CA-4C94-B2DB-5DB61C3DB38E}"
EndProject
Project("{FAE04EC0-301F-11D3-BF4B-00C04F79EFBC}") = "ImageProcessing.Core", "ImageProcessing.Core\ImageProcessing.Core.csproj", "{428AFBED-2F16-43A5-A9A4-474E8ACC5FD0}"
EndProject
Global
	GlobalSection(SolutionConfigurationPlatforms) = preSolution
		Debug|Any CPU = Debug|Any CPU
		Debug|x86 = Debug|x86
		Release|Any CPU = Release|Any CPU
		Release|x86 = Release|x86
	EndGlobalSection
	GlobalSection(ProjectConfigurationPlatforms) = postSolution
		{B006986D-3EC3-48A7-8F59-EDC39A8907B4}.Debug|Any CPU.ActiveCfg = Debug|Any CPU
		{B006986D-3EC3-48A7-8F59-EDC39A8907B4}.Debug|Any CPU.Build.0 = Debug|Any CPU
		{B006986D-3EC3-48A7-8F59-EDC39A8907B4}.Debug|x86.ActiveCfg = Debug|Any CPU
		{B006986D-3EC3-48A7-8F59-EDC39A8907B4}.Debug|x86.Build.0 = Debug|Any CPU
		{B006986D-3EC3-48A7-8F59-EDC39A8907B4}.Release|Any CPU.ActiveCfg = Release|Any CPU
		{B006986D-3EC3-48A7-8F59-EDC39A8907B4}.Release|Any CPU.Build.0 = Release|Any CPU
		{B006986D-3EC3-48A7-8F59-EDC39A8907B4}.Release|x86.ActiveCfg = Release|Any CPU
		{B006986D-3EC3-48A7-8F59-EDC39A8907B4}.Release|x86.Build.0 = Release|Any CPU
		{9479B67A-57C2-45AB-83ED-0340315CA063}.Debug|Any CPU.ActiveCfg = Debug|Any CPU
		{9479B67A-57C2-45AB-83ED-0340315CA063}.Debug|Any CPU.Build.0 = Debug|Any CPU
		{9479B67A-57C2-45AB-83ED-0340315CA063}.Debug|x86.ActiveCfg = Debug|Any CPU
		{9479B67A-57C2-45AB-83ED-0340315CA063}.Debug|x86.Build.0 = Debug|Any CPU
		{9479B67A-57C2-45AB-83ED-0340315CA063}.Release|Any CPU.ActiveCfg = Release|Any CPU
		{9479B67A-57C2-45AB-83ED-0340315CA063}.Release|Any CPU.Build.0 = Release|Any CPU
		{9479B67A-57C2-45AB-83ED-0340315CA063}.Release|x86.ActiveCfg = Release|Any CPU
		{9479B67A-57C2-45AB-83ED-0340315CA063}.Release|x86.Build.0 = Release|Any CPU
		{50B927BB-7836-4437-BCB1-3003A7BFF729}.Debug|Any CPU.ActiveCfg = Debug|Any CPU
		{50B927BB-7836-4437-BCB1-3003A7BFF729}.Debug|Any CPU.Build.0 = Debug|Any CPU
		{50B927BB-7836-4437-BCB1-3003A7BFF729}.Debug|x86.ActiveCfg = Debug|Any CPU
		{50B927BB-7836-4437-BCB1-3003A7BFF729}.Debug|x86.Build.0 = Debug|Any CPU
		{50B927BB-7836-4437-BCB1-3003A7BFF729}.Release|Any CPU.ActiveCfg = Release|Any CPU
		{50B927BB-7836-4437-BCB1-3003A7BFF729}.Release|Any CPU.Build.0 = Release|Any CPU
		{50B927BB-7836-4437-BCB1-3003A7BFF729}.Release|x86.ActiveCfg = Release|Any CPU
		{50B927BB-7836-4437-BCB1-3003A7BFF729}.Release|x86.Build.0 = Release|Any CPU
		{48A8A9B5-6F5B-474C-9A8A-1CBD1F646CEC}.Debug|Any CPU.ActiveCfg = Debug|Any CPU
		{48A8A9B5-6F5B-474C-9A8A-1CBD1F646CEC}.Debug|Any CPU.Build.0 = Debug|Any CPU
		{48A8A9B5-6F5B-474C-9A8A-1CBD1F646CEC}.Debug|x86.ActiveCfg = Debug|Any CPU
		{48A8A9B5-6F5B-474C-9A8A-1CBD1F646CEC}.Debug|x86.Build.0 = Debug|Any CPU
		{48A8A9B5-6F5B-474C-9A8A-1CBD1F646CEC}.Release|Any CPU.ActiveCfg = Release|Any CPU
		{48A8A9B5-6F5B-474C-9A8A-1CBD1F646CEC}.Release|Any CPU.Build.0 = Release|Any CPU
		{48A8A9B5-6F5B-474C-9A8A-1CBD1F646CEC}.Release|x86.ActiveCfg = Release|Any CPU
		{48A8A9B5-6F5B-474C-9A8A-1CBD1F646CEC}.Release|x86.Build.0 = Release|Any CPU
		{8EC2495B-C648-468B-B0C3-2CD6375B3AEB}.Debug|Any CPU.ActiveCfg = Debug|Any CPU
		{8EC2495B-C648-468B-B0C3-2CD6375B3AEB}.Debug|Any CPU.Build.0 = Debug|Any CPU
		{8EC2495B-C648-468B-B0C3-2CD6375B3AEB}.Debug|x86.ActiveCfg = Debug|Any CPU
		{8EC2495B-C648-468B-B0C3-2CD6375B3AEB}.Debug|x86.Build.0 = Debug|Any CPU
		{8EC2495B-C648-468B-B0C3-2CD6375B3AEB}.Release|Any CPU.ActiveCfg = Release|Any CPU
		{8EC2495B-C648-468B-B0C3-2CD6375B3AEB}.Release|Any CPU.Build.0 = Release|Any CPU
		{8EC2495B-C648-468B-B0C3-2CD6375B3AEB}.Release|x86.ActiveCfg = Release|Any CPU
		{8EC2495B-C648-468B-B0C3-2CD6375B3AEB}.Release|x86.Build.0 = Release|Any CPU
		{428AFBED-2F16-43A5-A9A4-474E8ACC5FD0}.Debug|Any CPU.ActiveCfg = Debug|Any CPU
		{428AFBED-2F16-43A5-A9A4-474E8ACC5FD0}.Debug|Any CPU.Build.0 = Debug|Any CPU
		{428AFBED-2F16-43A5-A9A4-474E8ACC5FD0}.Debug|x86.ActiveCfg = Debug|Any CPU
		{428AFBED-2F16-43A5-A9A4-474E8ACC5FD0}.Debug|x86.Build.0 = Debug|Any CPU
		{428AFBED-2F16-43A5-A9A4-474E8ACC5FD0}.Release|Any CPU.ActiveCfg = Release|Any CPU
		{428AFBED-2F16-43A5-A9A4-474E8ACC5FD0}.Release|Any CPU.Build.0 = Release|Any CPU
		{428AFBED-2F16-43A5-A9A4-474E8ACC5FD0}.Release|x86.ActiveCfg = Release|Any CPU
		{428AFBED-2F16-43A5-A9A4-474E8ACC5FD0}.Release|x86.Build.0 = Release|Any CPU
	EndGlobalSection
	GlobalSection(SolutionProperties) = preSolution
		HideSolutionNode = FALSE
	EndGlobalSection
	GlobalSection(NestedProjects) = preSolution
		{B006986D-3EC3-48A7-8F59-EDC39A8907B4} = {990D16A1-E568-465E-9132-A3D7F79D7D8A}
		{9479B67A-57C2-45AB-83ED-0340315CA063} = {990D16A1-E568-465E-9132-A3D7F79D7D8A}
		{50B927BB-7836-4437-BCB1-3003A7BFF729} = {990D16A1-E568-465E-9132-A3D7F79D7D8A}
		{48A8A9B5-6F5B-474C-9A8A-1CBD1F646CEC} = {990D16A1-E568-465E-9132-A3D7F79D7D8A}
		{8EC2495B-C648-468B-B0C3-2CD6375B3AEB} = {47BB7C23-37CA-4C94-B2DB-5DB61C3DB38E}
		{428AFBED-2F16-43A5-A9A4-474E8ACC5FD0} = {990D16A1-E568-465E-9132-A3D7F79D7D8A}
	EndGlobalSection
	GlobalSection(ExtensibilityGlobals) = postSolution
		SolutionGuid = {C4D00CEC-14A8-44F9-AD38-3244EF30D239}
	EndGlobalSection
EndGlobal
