
Microsoft Visual Studio Solution File, Format Version 12.00
# Visual Studio Version 16
VisualStudioVersion = 16.0.29215.179
MinimumVisualStudioVersion = 10.0.40219.1
Project("{2150E333-8FDC-42A3-9474-1A3956D46DE8}") = "Source", "Source", "{9F6E1FA1-6994-4E5E-86FE-E25F4CC9F1B5}"
EndProject
Project("{2150E333-8FDC-42A3-9474-1A3956D46DE8}") = "Tests", "Tests", "{36E887BA-A885-405D-B082-62793BF9493F}"
EndProject
Project("{9A19103F-16F7-4668-BE54-9A1E7A4F7556}") = "ImageProcessing.Common", "Source\ImageProcessing.Common\ImageProcessing.Common.csproj", "{5303B857-0B43-40F3-857F-AAE229EE3EEE}"
EndProject
Project("{9A19103F-16F7-4668-BE54-9A1E7A4F7556}") = "ImageProcessing.Core", "Source\ImageProcessing.Core\ImageProcessing.Core.csproj", "{AB4FB28D-B081-4279-ACD6-E0ABEC245494}"
EndProject
Project("{9A19103F-16F7-4668-BE54-9A1E7A4F7556}") = "ImageProcessing.DomainModel", "Source\ImageProcessing.DomainModel\ImageProcessing.DomainModel.csproj", "{70757D0C-2202-42C5-9E93-B3E54418FE76}"
EndProject
Project("{9A19103F-16F7-4668-BE54-9A1E7A4F7556}") = "ImageProcessing.Presentation", "Source\ImageProcessing.Presentation\ImageProcessing.Presentation.csproj", "{26F0D611-47D0-4222-8235-1375C45AB861}"
EndProject
Project("{9A19103F-16F7-4668-BE54-9A1E7A4F7556}") = "ImageProcessing.UI", "Source\ImageProcessing.UI\ImageProcessing.UI.csproj", "{F94A7A5C-B066-4209-BFA7-07AC1E817154}"
EndProject
Project("{FAE04EC0-301F-11D3-BF4B-00C04F79EFBC}") = "ImageProcessing.Tests", "Tests\ImageProcessing.Tests\ImageProcessing.Tests.csproj", "{8EC2495B-C648-468B-B0C3-2CD6375B3AEB}"
EndProject
Project("{FAE04EC0-301F-11D3-BF4B-00C04F79EFBC}") = "ImageProcessing.Services", "ImageProcessing.Services\ImageProcessing.Services.csproj", "{27D6E66D-CE23-4594-A7B4-AE58E93B3152}"
EndProject
Global
	GlobalSection(SolutionConfigurationPlatforms) = preSolution
		Debug|Any CPU = Debug|Any CPU
		Release|Any CPU = Release|Any CPU
	EndGlobalSection
	GlobalSection(ProjectConfigurationPlatforms) = postSolution
		{5303B857-0B43-40F3-857F-AAE229EE3EEE}.Debug|Any CPU.ActiveCfg = Debug|Any CPU
		{5303B857-0B43-40F3-857F-AAE229EE3EEE}.Debug|Any CPU.Build.0 = Debug|Any CPU
		{5303B857-0B43-40F3-857F-AAE229EE3EEE}.Release|Any CPU.ActiveCfg = Release|Any CPU
		{5303B857-0B43-40F3-857F-AAE229EE3EEE}.Release|Any CPU.Build.0 = Release|Any CPU
		{AB4FB28D-B081-4279-ACD6-E0ABEC245494}.Debug|Any CPU.ActiveCfg = Debug|Any CPU
		{AB4FB28D-B081-4279-ACD6-E0ABEC245494}.Debug|Any CPU.Build.0 = Debug|Any CPU
		{AB4FB28D-B081-4279-ACD6-E0ABEC245494}.Release|Any CPU.ActiveCfg = Release|Any CPU
		{AB4FB28D-B081-4279-ACD6-E0ABEC245494}.Release|Any CPU.Build.0 = Release|Any CPU
		{70757D0C-2202-42C5-9E93-B3E54418FE76}.Debug|Any CPU.ActiveCfg = Debug|Any CPU
		{70757D0C-2202-42C5-9E93-B3E54418FE76}.Debug|Any CPU.Build.0 = Debug|Any CPU
		{70757D0C-2202-42C5-9E93-B3E54418FE76}.Release|Any CPU.ActiveCfg = Release|Any CPU
		{70757D0C-2202-42C5-9E93-B3E54418FE76}.Release|Any CPU.Build.0 = Release|Any CPU
		{26F0D611-47D0-4222-8235-1375C45AB861}.Debug|Any CPU.ActiveCfg = Debug|Any CPU
		{26F0D611-47D0-4222-8235-1375C45AB861}.Debug|Any CPU.Build.0 = Debug|Any CPU
		{26F0D611-47D0-4222-8235-1375C45AB861}.Release|Any CPU.ActiveCfg = Release|Any CPU
		{26F0D611-47D0-4222-8235-1375C45AB861}.Release|Any CPU.Build.0 = Release|Any CPU
		{F94A7A5C-B066-4209-BFA7-07AC1E817154}.Debug|Any CPU.ActiveCfg = Debug|Any CPU
		{F94A7A5C-B066-4209-BFA7-07AC1E817154}.Debug|Any CPU.Build.0 = Debug|Any CPU
		{F94A7A5C-B066-4209-BFA7-07AC1E817154}.Release|Any CPU.ActiveCfg = Release|Any CPU
		{F94A7A5C-B066-4209-BFA7-07AC1E817154}.Release|Any CPU.Build.0 = Release|Any CPU
		{8EC2495B-C648-468B-B0C3-2CD6375B3AEB}.Debug|Any CPU.ActiveCfg = Debug|Any CPU
		{8EC2495B-C648-468B-B0C3-2CD6375B3AEB}.Debug|Any CPU.Build.0 = Debug|Any CPU
		{8EC2495B-C648-468B-B0C3-2CD6375B3AEB}.Release|Any CPU.ActiveCfg = Release|Any CPU
		{8EC2495B-C648-468B-B0C3-2CD6375B3AEB}.Release|Any CPU.Build.0 = Release|Any CPU
		{27D6E66D-CE23-4594-A7B4-AE58E93B3152}.Debug|Any CPU.ActiveCfg = Debug|Any CPU
		{27D6E66D-CE23-4594-A7B4-AE58E93B3152}.Debug|Any CPU.Build.0 = Debug|Any CPU
		{27D6E66D-CE23-4594-A7B4-AE58E93B3152}.Release|Any CPU.ActiveCfg = Release|Any CPU
		{27D6E66D-CE23-4594-A7B4-AE58E93B3152}.Release|Any CPU.Build.0 = Release|Any CPU
	EndGlobalSection
	GlobalSection(SolutionProperties) = preSolution
		HideSolutionNode = FALSE
	EndGlobalSection
	GlobalSection(NestedProjects) = preSolution
		{5303B857-0B43-40F3-857F-AAE229EE3EEE} = {9F6E1FA1-6994-4E5E-86FE-E25F4CC9F1B5}
		{AB4FB28D-B081-4279-ACD6-E0ABEC245494} = {9F6E1FA1-6994-4E5E-86FE-E25F4CC9F1B5}
		{70757D0C-2202-42C5-9E93-B3E54418FE76} = {9F6E1FA1-6994-4E5E-86FE-E25F4CC9F1B5}
		{26F0D611-47D0-4222-8235-1375C45AB861} = {9F6E1FA1-6994-4E5E-86FE-E25F4CC9F1B5}
		{F94A7A5C-B066-4209-BFA7-07AC1E817154} = {9F6E1FA1-6994-4E5E-86FE-E25F4CC9F1B5}
		{8EC2495B-C648-468B-B0C3-2CD6375B3AEB} = {36E887BA-A885-405D-B082-62793BF9493F}
		{27D6E66D-CE23-4594-A7B4-AE58E93B3152} = {9F6E1FA1-6994-4E5E-86FE-E25F4CC9F1B5}
	EndGlobalSection
	GlobalSection(ExtensibilityGlobals) = postSolution
		SolutionGuid = {C4D00CEC-14A8-44F9-AD38-3244EF30D239}
	EndGlobalSection
EndGlobal
